<?xml version="1.0" encoding="utf-8"?>
<Project ToolsVersion="4.0" xmlns="http://schemas.microsoft.com/developer/msbuild/2003">
  <ItemGroup>
    <Filter Include="Source Files">
      <UniqueIdentifier>{4FC737F1-C7A5-4376-A066-2A32D752A2FF}</UniqueIdentifier>
      <Extensions>cpp;c;cc;cxx;def;odl;idl;hpj;bat;asm;asmx</Extensions>
    </Filter>
    <Filter Include="Header Files">
      <UniqueIdentifier>{93995380-89BD-4b04-88EB-625FBE52EBFB}</UniqueIdentifier>
      <Extensions>h;hh;hpp;hxx;hm;inl;inc;xsd</Extensions>
    </Filter>
    <Filter Include="Resource Files">
      <UniqueIdentifier>{67DA6AB6-F800-4c08-8B7A-83BB121AAD01}</UniqueIdentifier>
      <Extensions>rc;ico;cur;bmp;dlg;rc2;rct;bin;rgs;gif;jpg;jpeg;jpe;resx;tiff;tif;png;wav;mfcribbon-ms</Extensions>
    </Filter>
    <Filter Include="Header Files\utils">
      <UniqueIdentifier>{557aeda8-f4bd-4a6d-b7c5-ff480e69148f}</UniqueIdentifier>
    </Filter>
    <Filter Include="Header Files\note">
      <UniqueIdentifier>{9b0ea65d-d2a2-4909-8386-3da4a14a3f54}</UniqueIdentifier>
    </Filter>
    <Filter Include="Header Files\tag">
      <UniqueIdentifier>{b1d0dcfd-ab9b-4c38-8fcf-98f8a22d847d}</UniqueIdentifier>
    </Filter>
    <Filter Include="Source Files\note">
      <UniqueIdentifier>{1a46fb0e-3e48-43bd-bf2b-a930b2b3ddca}</UniqueIdentifier>
    </Filter>
    <Filter Include="Source Files\tag">
      <UniqueIdentifier>{840e11ec-c09d-41f3-8d79-6d8d4069e534}</UniqueIdentifier>
    </Filter>
    <Filter Include="Source Files\utils">
      <UniqueIdentifier>{5dbcffa9-7bf2-4a4b-bdb4-8dfc88611d42}</UniqueIdentifier>
    </Filter>
    <Filter Include="Header Files\config">
      <UniqueIdentifier>{01443677-5a44-4ec7-bca1-b88e9f90eaec}</UniqueIdentifier>
    </Filter>
    <Filter Include="Source Files\config">
      <UniqueIdentifier>{7885ead8-e297-41b0-9751-9ffdc6bc5727}</UniqueIdentifier>
    </Filter>
    <Filter Include="Header Files\views">
      <UniqueIdentifier>{64634cd5-16bf-4a29-89bf-eb6da15f62c0}</UniqueIdentifier>
    </Filter>
    <Filter Include="Source Files\view">
      <UniqueIdentifier>{efe4efa9-9928-425d-93a4-e51e9de593dc}</UniqueIdentifier>
    </Filter>
  </ItemGroup>
  <ItemGroup>
    <Text Include="ReadMe.txt" />
  </ItemGroup>
  <ItemGroup>
    <ClInclude Include="stdafx.h">
      <Filter>Header Files</Filter>
    </ClInclude>
    <ClInclude Include="targetver.h">
      <Filter>Header Files</Filter>
    </ClInclude>
    <ClInclude Include="Resource.h">
      <Filter>Header Files</Filter>
    </ClInclude>
    <ClInclude Include="QuickNote.h">
      <Filter>Header Files</Filter>
    </ClInclude>
    <ClInclude Include="Note.h">
      <Filter>Header Files\note</Filter>
    </ClInclude>
    <ClInclude Include="Tag.h">
      <Filter>Header Files\tag</Filter>
    </ClInclude>
    <ClInclude Include="NoteRepository.h">
      <Filter>Header Files\note</Filter>
    </ClInclude>
    <ClInclude Include="StringUtils.h">
      <Filter>Header Files\utils</Filter>
    </ClInclude>
    <ClInclude Include="NoteService.h">
      <Filter>Header Files\note</Filter>
    </ClInclude>
    <ClInclude Include="NoteDAO.h">
      <Filter>Header Files\note</Filter>
    </ClInclude>
    <ClInclude Include="TagRepository.h">
      <Filter>Header Files\tag</Filter>
    </ClInclude>
    <ClInclude Include="NoteTagDAO.h">
      <Filter>Header Files</Filter>
    </ClInclude>
    <ClInclude Include="TagDAO.h">
      <Filter>Header Files\tag</Filter>
    </ClInclude>
    <ClInclude Include="DatabaseConfig.h">
      <Filter>Header Files\config</Filter>
    </ClInclude>
    <ClInclude Include="Observable.h">
      <Filter>Header Files</Filter>
    </ClInclude>
    <ClInclude Include="Observer.h">
      <Filter>Header Files</Filter>
    </ClInclude>
    <ClInclude Include="TagList.h">
      <Filter>Header Files\views</Filter>
    </ClInclude>
    <ClInclude Include="CreatingNoteObservable.h">
      <Filter>Header Files\views</Filter>
    </ClInclude>
    <ClInclude Include="NoteList.h">
      <Filter>Header Files\views</Filter>
    </ClInclude>
  </ItemGroup>
  <ItemGroup>
    <ClCompile Include="stdafx.cpp">
      <Filter>Source Files</Filter>
    </ClCompile>
    <ClCompile Include="QuickNote.cpp">
      <Filter>Source Files</Filter>
    </ClCompile>
    <ClCompile Include="Note.cpp">
      <Filter>Source Files\note</Filter>
    </ClCompile>
    <ClCompile Include="NoteRepository.cpp">
      <Filter>Source Files\note</Filter>
    </ClCompile>
    <ClCompile Include="Tag.cpp">
      <Filter>Source Files\tag</Filter>
    </ClCompile>
    <ClCompile Include="StringUtils.cpp">
      <Filter>Source Files\utils</Filter>
    </ClCompile>
    <ClCompile Include="NoteService.cpp">
      <Filter>Source Files\note</Filter>
    </ClCompile>
    <ClCompile Include="TagRepository.cpp">
      <Filter>Source Files\tag</Filter>
    </ClCompile>
    <ClCompile Include="NoteDAO.cpp">
      <Filter>Source Files\note</Filter>
    </ClCompile>
    <ClCompile Include="NoteTagDAO.cpp">
      <Filter>Source Files</Filter>
    </ClCompile>
    <ClCompile Include="TagDAO.cpp">
      <Filter>Source Files\tag</Filter>
    </ClCompile>
    <ClCompile Include="DatabaseConfig.cpp">
      <Filter>Source Files\config</Filter>
    </ClCompile>
    <ClCompile Include="Observable.cpp">
      <Filter>Source Files</Filter>
    </ClCompile>
    <ClCompile Include="Observer.cpp">
      <Filter>Source Files</Filter>
    </ClCompile>
    <ClCompile Include="CreatingNoteObservable.cpp">
      <Filter>Source Files</Filter>
    </ClCompile>
    <ClCompile Include="TagList.cpp">
      <Filter>Source Files\view</Filter>
    </ClCompile>
    <ClCompile Include="NoteList.cpp">
      <Filter>Source Files</Filter>
    </ClCompile>
  </ItemGroup>
  <ItemGroup>
    <ResourceCompile Include="QuickNote.rc">
      <Filter>Resource Files</Filter>
    </ResourceCompile>
  </ItemGroup>
  <ItemGroup>
    <Image Include="small.ico">
      <Filter>Resource Files</Filter>
    </Image>
    <Image Include="QuickNote.ico">
      <Filter>Resource Files</Filter>
    </Image>
  </ItemGroup>
</Project>